{
  "name": "@appthreat/atom-parsetools",
  "version": "1.2.1",
  "lockfileVersion": 3,
  "requires": true,
  "packages": {
    "": {
      "name": "@appthreat/atom-parsetools",
      "version": "1.2.1",
      "license": "MIT",
      "dependencies": {
        "@appthreat/atom-common": "^1.1.0",
        "@babel/parser": "^7.29.3",
        "hermes-parser": "^0.36.1",
        "typescript": "^6.0.3"
      },
      "bin": {
        "astgen": "astgen.js",
        "phpastgen": "phpastgen.js",
        "rbastgen": "rbastgen.js",
        "scalasem": "scalasem.js"
      },
      "engines": {
        "node": ">=16.0.0"
      }
    },
    "node_modules/@appthreat/atom-common": {
      "version": "1.1.0",
      "resolved": "https://registry.npmjs.org/@appthreat/atom-common/-/atom-common-1.1.0.tgz",
      "integrity": "sha512-vGZpJdy9e0l83o8XwDAsQUDpkMVzR4DLb7mbi5npu8Nz/R+2m5oyHlpBGuLYBKm5+KkjTInXP9eNTcMa0Mn3Uw==",
      "license": "MIT"
    },
    "node_modules/@babel/helper-string-parser": {
      "version": "7.27.1",
      "resolved": "https://registry.npmjs.org/@babel/helper-string-parser/-/helper-string-parser-7.27.1.tgz",
      "integrity": "sha512-qMlSxKbpRlAridDExk92nSobyDdpPijUq2DW6oDnUqd0iOGxmQjyqhMIihI9+zv4LPyZdRje2cavWPbCbWm3eA==",
      "license": "MIT",
      "engines": {
        "node": ">=6.9.0"
      }
    },
    "node_modules/@babel/helper-validator-identifier": {
      "version": "7.28.5",
      "resolved": "https://registry.npmjs.org/@babel/helper-validator-identifier/-/helper-validator-identifier-7.28.5.tgz",
      "integrity": "sha512-qSs4ifwzKJSV39ucNjsvc6WVHs6b7S03sOh2OcHF9UHfVPqWWALUsNUVzhSBiItjRZoLHx7nIarVjqKVusUZ1Q==",
      "license": "MIT",
      "engines": {
        "node": ">=6.9.0"
      }
    },
    "node_modules/@babel/parser": {
      "version": "7.29.3",
      "resolved": "https://registry.npmjs.org/@babel/parser/-/parser-7.29.3.tgz",
      "integrity": "sha512-b3ctpQwp+PROvU/cttc4OYl4MzfJUWy6FZg+PMXfzmt/+39iHVF0sDfqay8TQM3JA2EUOyKcFZt75jWriQijsA==",
      "license": "MIT",
      "dependencies": {
        "@babel/types": "^7.29.0"
      },
      "bin": {
        "parser": "bin/babel-parser.js"
      },
      "engines": {
        "node": ">=6.0.0"
      }
    },
    "node_modules/@babel/types": {
      "version": "7.29.0",
      "resolved": "https://registry.npmjs.org/@babel/types/-/types-7.29.0.tgz",
      "integrity": "sha512-LwdZHpScM4Qz8Xw2iKSzS+cfglZzJGvofQICy7W7v4caru4EaAmyUuO6BGrbyQ2mYV11W0U8j5mBhd14dd3B0A==",
      "license": "MIT",
      "dependencies": {
        "@babel/helper-string-parser": "^7.27.1",
        "@babel/helper-validator-identifier": "^7.28.5"
      },
      "engines": {
        "node": ">=6.9.0"
      }
    },
    "node_modules/hermes-estree": {
      "version": "0.36.1",
      "resolved": "https://registry.npmjs.org/hermes-estree/-/hermes-estree-0.36.1.tgz",
      "integrity": "sha512-guv1nQ6IJ7S83NRFPWc3SA7IBZrdNC9kapwOq6uXvF4wP+sDCgjzQbKPCoyYmoyZRzztF/n/c36l/rccCZSiCw==",
      "license": "MIT"
    },
    "node_modules/hermes-parser": {
      "version": "0.36.1",
      "resolved": "https://registry.npmjs.org/hermes-parser/-/hermes-parser-0.36.1.tgz",
      "integrity": "sha512-GApNk4zLHi2UWoWZZkx7LNCOSzLSc5lB55pZ/PhK7ycFeg7u5LcF88p/WbpIi1XUDtE0MpHE3uRR3u3KB7TjSQ==",
      "license": "MIT",
      "dependencies": {
        "hermes-estree": "0.36.1"
      }
    },
    "node_modules/typescript": {
      "version": "6.0.3",
      "resolved": "https://registry.npmjs.org/typescript/-/typescript-6.0.3.tgz",
      "integrity": "sha512-y2TvuxSZPDyQakkFRPZHKFm+KKVqIisdg9/CZwm9ftvKXLP8NRWj38/ODjNbr43SsoXqNuAisEf1GdCxqWcdBw==",
      "license": "Apache-2.0",
      "bin": {
        "tsc": "bin/tsc",
        "tsserver": "bin/tsserver"
      },
      "engines": {
        "node": ">=14.17"
      }
    }
  }
}
